// !$*UTF8*$!
{
	archiveVersion = 1;
	classes = {
	};
	objectVersion = 46;
	objects = {

/* Begin PBXBuildFile section */
		D84AC2D01B1D2E3600AFE402 /* LoginViewController.m in Sources */ = {isa = PBXBuildFile; fileRef = D84AC2CF1B1D2E3600AFE402 /* LoginViewController.m */; };
		D84AC2D31B1D2E5600AFE402 /* SignUpViewController.m in Sources */ = {isa = PBXBuildFile; fileRef = D84AC2D21B1D2E5600AFE402 /* SignUpViewController.m */; };
		D84AC2D61B1D2F6E00AFE402 /* EditFriendsTableViewController.m in Sources */ = {isa = PBXBuildFile; fileRef = D84AC2D51B1D2F6E00AFE402 /* EditFriendsTableViewController.m */; };
		D84AC2D81B1D32DD00AFE402 /* Parse.framework in Frameworks */ = {isa = PBXBuildFile; fileRef = D84AC2D71B1D32DD00AFE402 /* Parse.framework */; };
		D84AC2DD1B1D335300AFE402 /* AudioToolbox.framework in Frameworks */ = {isa = PBXBuildFile; fileRef = D84AC2D91B1D335300AFE402 /* AudioToolbox.framework */; };
		D84AC2DE1B1D335300AFE402 /* CFNetwork.framework in Frameworks */ = {isa = PBXBuildFile; fileRef = D84AC2DA1B1D335300AFE402 /* CFNetwork.framework */; };
		D84AC2DF1B1D335300AFE402 /* CoreGraphics.framework in Frameworks */ = {isa = PBXBuildFile; fileRef = D84AC2DB1B1D335300AFE402 /* CoreGraphics.framework */; };
		D84AC2E01B1D335300AFE402 /* CoreLocation.framework in Frameworks */ = {isa = PBXBuildFile; fileRef = D84AC2DC1B1D335300AFE402 /* CoreLocation.framework */; };
		D84AC2E21B1D335C00AFE402 /* libz.1.1.3.dylib in Frameworks */ = {isa = PBXBuildFile; fileRef = D84AC2E11B1D335C00AFE402 /* libz.1.1.3.dylib */; };
		D84AC2E41B1D336900AFE402 /* MobileCoreServices.framework in Frameworks */ = {isa = PBXBuildFile; fileRef = D84AC2E31B1D336900AFE402 /* MobileCoreServices.framework */; };
		D84AC2E61B1D337100AFE402 /* QuartzCore.framework in Frameworks */ = {isa = PBXBuildFile; fileRef = D84AC2E51B1D337100AFE402 /* QuartzCore.framework */; };
		D84AC2E81B1D337B00AFE402 /* Security.framework in Frameworks */ = {isa = PBXBuildFile; fileRef = D84AC2E71B1D337B00AFE402 /* Security.framework */; };
		D84AC2EA1B1D338500AFE402 /* StoreKit.framework in Frameworks */ = {isa = PBXBuildFile; fileRef = D84AC2E91B1D338500AFE402 /* StoreKit.framework */; };
		D84AC2EC1B1D339400AFE402 /* SystemConfiguration.framework in Frameworks */ = {isa = PBXBuildFile; fileRef = D84AC2EB1B1D339300AFE402 /* SystemConfiguration.framework */; };
		D84AC2EF1B1D346500AFE402 /* libsqlite3.dylib in Frameworks */ = {isa = PBXBuildFile; fileRef = D84AC2EE1B1D346500AFE402 /* libsqlite3.dylib */; };
		D84AC2F11B1D34C100AFE402 /* Bolts.framework in Frameworks */ = {isa = PBXBuildFile; fileRef = D84AC2F01B1D34C100AFE402 /* Bolts.framework */; };
		D84CDCDA1B1E6B430091231F /* FriendsTableViewController.m in Sources */ = {isa = PBXBuildFile; fileRef = D84CDCD91B1E6B430091231F /* FriendsTableViewController.m */; };
		D851613B1B211EC600848F3D /* icon_image.png in Resources */ = {isa = PBXBuildFile; fileRef = D85161371B211EC600848F3D /* icon_image.png */; };
		D851613C1B211EC600848F3D /* icon_image@2x.png in Resources */ = {isa = PBXBuildFile; fileRef = D85161381B211EC600848F3D /* icon_image@2x.png */; };
		D851613D1B211EC600848F3D /* icon_video.png in Resources */ = {isa = PBXBuildFile; fileRef = D85161391B211EC600848F3D /* icon_video.png */; };
		D851613E1B211EC600848F3D /* icon_video@2x.png in Resources */ = {isa = PBXBuildFile; fileRef = D851613A1B211EC600848F3D /* icon_video@2x.png */; };
		D85161411B21226C00848F3D /* ImageViewController.m in Sources */ = {isa = PBXBuildFile; fileRef = D85161401B21226C00848F3D /* ImageViewController.m */; };
		D85161431B212A4000848F3D /* MediaPlayer.framework in Frameworks */ = {isa = PBXBuildFile; fileRef = D85161421B212A4000848F3D /* MediaPlayer.framework */; };
		D8A013381B1FC6D600597B29 /* CameraTableViewController.m in Sources */ = {isa = PBXBuildFile; fileRef = D8A013371B1FC6D600597B29 /* CameraTableViewController.m */; };
		D8ED46921B17F6D600A251B9 /* main.m in Sources */ = {isa = PBXBuildFile; fileRef = D8ED46911B17F6D600A251B9 /* main.m */; };
		D8ED46951B17F6D600A251B9 /* AppDelegate.m in Sources */ = {isa = PBXBuildFile; fileRef = D8ED46941B17F6D600A251B9 /* AppDelegate.m */; };
		D8ED469B1B17F6D600A251B9 /* Main.storyboard in Resources */ = {isa = PBXBuildFile; fileRef = D8ED46991B17F6D600A251B9 /* Main.storyboard */; };
		D8ED469D1B17F6D600A251B9 /* Images.xcassets in Resources */ = {isa = PBXBuildFile; fileRef = D8ED469C1B17F6D600A251B9 /* Images.xcassets */; };
		D8ED46A01B17F6D600A251B9 /* LaunchScreen.xib in Resources */ = {isa = PBXBuildFile; fileRef = D8ED469E1B17F6D600A251B9 /* LaunchScreen.xib */; };
		D8ED46AC1B17F6D600A251B9 /* SharifyTests.m in Sources */ = {isa = PBXBuildFile; fileRef = D8ED46AB1B17F6D600A251B9 /* SharifyTests.m */; };
		D8ED46BB1B17F73900A251B9 /* camera.png in Resources */ = {isa = PBXBuildFile; fileRef = D8ED46B51B17F73900A251B9 /* camera.png */; };
		D8ED46BC1B17F73900A251B9 /* camera@2x.png in Resources */ = {isa = PBXBuildFile; fileRef = D8ED46B61B17F73900A251B9 /* camera@2x.png */; };
		D8ED46BD1B17F73900A251B9 /* friends.png in Resources */ = {isa = PBXBuildFile; fileRef = D8ED46B71B17F73900A251B9 /* friends.png */; };
		D8ED46BE1B17F73900A251B9 /* friends@2x.png in Resources */ = {isa = PBXBuildFile; fileRef = D8ED46B81B17F73900A251B9 /* friends@2x.png */; };
		D8ED46BF1B17F73900A251B9 /* inbox.png in Resources */ = {isa = PBXBuildFile; fileRef = D8ED46B91B17F73900A251B9 /* inbox.png */; };
		D8ED46C01B17F73900A251B9 /* inbox@2x.png in Resources */ = {isa = PBXBuildFile; fileRef = D8ED46BA1B17F73900A251B9 /* inbox@2x.png */; };
		D8ED46C41B17FD3100A251B9 /* InboxViewController.m in Sources */ = {isa = PBXBuildFile; fileRef = D8ED46C31B17FD3100A251B9 /* InboxViewController.m */; };
/* End PBXBuildFile section */

/* Begin PBXContainerItemProxy section */
		D8ED46A61B17F6D600A251B9 /* PBXContainerItemProxy */ = {
			isa = PBXContainerItemProxy;
			containerPortal = D8ED46841B17F6D600A251B9 /* Project object */;
			proxyType = 1;
			remoteGlobalIDString = D8ED468B1B17F6D600A251B9;
			remoteInfo = Sharify;
		};
/* End PBXContainerItemProxy section */

/* Begin PBXFileReference section */
		D84AC2CE1B1D2E3600AFE402 /* LoginViewController.h */ = {isa = PBXFileReference; fileEncoding = 4; lastKnownFileType = sourcecode.c.h; path = LoginViewController.h; sourceTree = "<group>"; };
		D84AC2CF1B1D2E3600AFE402 /* LoginViewController.m */ = {isa = PBXFileReference; fileEncoding = 4; lastKnownFileType = sourcecode.c.objc; path = LoginViewController.m; sourceTree = "<group>"; };
		D84AC2D11B1D2E5600AFE402 /* SignUpViewController.h */ = {isa = PBXFileReference; fileEncoding = 4; lastKnownFileType = sourcecode.c.h; path = SignUpViewController.h; sourceTree = "<group>"; };
		D84AC2D21B1D2E5600AFE402 /* SignUpViewController.m */ = {isa = PBXFileReference; fileEncoding = 4; lastKnownFileType = sourcecode.c.objc; path = SignUpViewController.m; sourceTree = "<group>"; };
		D84AC2D41B1D2F6E00AFE402 /* EditFriendsTableViewController.h */ = {isa = PBXFileReference; fileEncoding = 4; lastKnownFileType = sourcecode.c.h; path = EditFriendsTableViewController.h; sourceTree = "<group>"; };
		D84AC2D51B1D2F6E00AFE402 /* EditFriendsTableViewController.m */ = {isa = PBXFileReference; fileEncoding = 4; lastKnownFileType = sourcecode.c.objc; path = EditFriendsTableViewController.m; sourceTree = "<group>"; };
		D84AC2D71B1D32DD00AFE402 /* Parse.framework */ = {isa = PBXFileReference; lastKnownFileType = wrapper.framework; path = Parse.framework; sourceTree = "<group>"; };
		D84AC2D91B1D335300AFE402 /* AudioToolbox.framework */ = {isa = PBXFileReference; lastKnownFileType = wrapper.framework; name = AudioToolbox.framework; path = System/Library/Frameworks/AudioToolbox.framework; sourceTree = SDKROOT; };
		D84AC2DA1B1D335300AFE402 /* CFNetwork.framework */ = {isa = PBXFileReference; lastKnownFileType = wrapper.framework; name = CFNetwork.framework; path = System/Library/Frameworks/CFNetwork.framework; sourceTree = SDKROOT; };
		D84AC2DB1B1D335300AFE402 /* CoreGraphics.framework */ = {isa = PBXFileReference; lastKnownFileType = wrapper.framework; name = CoreGraphics.framework; path = System/Library/Frameworks/CoreGraphics.framework; sourceTree = SDKROOT; };
		D84AC2DC1B1D335300AFE402 /* CoreLocation.framework */ = {isa = PBXFileReference; lastKnownFileType = wrapper.framework; name = CoreLocation.framework; path = System/Library/Frameworks/CoreLocation.framework; sourceTree = SDKROOT; };
		D84AC2E11B1D335C00AFE402 /* libz.1.1.3.dylib */ = {isa = PBXFileReference; lastKnownFileType = "compiled.mach-o.dylib"; name = libz.1.1.3.dylib; path = usr/lib/libz.1.1.3.dylib; sourceTree = SDKROOT; };
		D84AC2E31B1D336900AFE402 /* MobileCoreServices.framework */ = {isa = PBXFileReference; lastKnownFileType = wrapper.framework; name = MobileCoreServices.framework; path = System/Library/Frameworks/MobileCoreServices.framework; sourceTree = SDKROOT; };
		D84AC2E51B1D337100AFE402 /* QuartzCore.framework */ = {isa = PBXFileReference; lastKnownFileType = wrapper.framework; name = QuartzCore.framework; path = System/Library/Frameworks/QuartzCore.framework; sourceTree = SDKROOT; };
		D84AC2E71B1D337B00AFE402 /* Security.framework */ = {isa = PBXFileReference; lastKnownFileType = wrapper.framework; name = Security.framework; path = System/Library/Frameworks/Security.framework; sourceTree = SDKROOT; };
		D84AC2E91B1D338500AFE402 /* StoreKit.framework */ = {isa = PBXFileReference; lastKnownFileType = wrapper.framework; name = StoreKit.framework; path = System/Library/Frameworks/StoreKit.framework; sourceTree = SDKROOT; };
		D84AC2EB1B1D339300AFE402 /* SystemConfiguration.framework */ = {isa = PBXFileReference; lastKnownFileType = wrapper.framework; name = SystemConfiguration.framework; path = System/Library/Frameworks/SystemConfiguration.framework; sourceTree = SDKROOT; };
		D84AC2EE1B1D346500AFE402 /* libsqlite3.dylib */ = {isa = PBXFileReference; lastKnownFileType = "compiled.mach-o.dylib"; name = libsqlite3.dylib; path = usr/lib/libsqlite3.dylib; sourceTree = SDKROOT; };
		D84AC2F01B1D34C100AFE402 /* Bolts.framework */ = {isa = PBXFileReference; lastKnownFileType = wrapper.framework; path = Bolts.framework; sourceTree = "<group>"; };
		D84CDCD81B1E6B430091231F /* FriendsTableViewController.h */ = {isa = PBXFileReference; fileEncoding = 4; lastKnownFileType = sourcecode.c.h; path = FriendsTableViewController.h; sourceTree = "<group>"; };
		D84CDCD91B1E6B430091231F /* FriendsTableViewController.m */ = {isa = PBXFileReference; fileEncoding = 4; lastKnownFileType = sourcecode.c.objc; path = FriendsTableViewController.m; sourceTree = "<group>"; };
		D85161371B211EC600848F3D /* icon_image.png */ = {isa = PBXFileReference; lastKnownFileType = image.png; path = icon_image.png; sourceTree = "<group>"; };
		D85161381B211EC600848F3D /* icon_image@2x.png */ = {isa = PBXFileReference; lastKnownFileType = image.png; path = "icon_image@2x.png"; sourceTree = "<group>"; };
		D85161391B211EC600848F3D /* icon_video.png */ = {isa = PBXFileReference; lastKnownFileType = image.png; path = icon_video.png; sourceTree = "<group>"; };
		D851613A1B211EC600848F3D /* icon_video@2x.png */ = {isa = PBXFileReference; lastKnownFileType = image.png; path = "icon_video@2x.png"; sourceTree = "<group>"; };
		D851613F1B21226C00848F3D /* ImageViewController.h */ = {isa = PBXFileReference; fileEncoding = 4; lastKnownFileType = sourcecode.c.h; path = ImageViewController.h; sourceTree = "<group>"; };
		D85161401B21226C00848F3D /* ImageViewController.m */ = {isa = PBXFileReference; fileEncoding = 4; lastKnownFileType = sourcecode.c.objc; path = ImageViewController.m; sourceTree = "<group>"; };
		D85161421B212A4000848F3D /* MediaPlayer.framework */ = {isa = PBXFileReference; lastKnownFileType = wrapper.framework; name = MediaPlayer.framework; path = System/Library/Frameworks/MediaPlayer.framework; sourceTree = SDKROOT; };
		D8A013361B1FC6D600597B29 /* CameraTableViewController.h */ = {isa = PBXFileReference; fileEncoding = 4; lastKnownFileType = sourcecode.c.h; path = CameraTableViewController.h; sourceTree = "<group>"; };
		D8A013371B1FC6D600597B29 /* CameraTableViewController.m */ = {isa = PBXFileReference; fileEncoding = 4; lastKnownFileType = sourcecode.c.objc; path = CameraTableViewController.m; sourceTree = "<group>"; };
		D8ED468C1B17F6D600A251B9 /* Sharify.app */ = {isa = PBXFileReference; explicitFileType = wrapper.application; includeInIndex = 0; path = Sharify.app; sourceTree = BUILT_PRODUCTS_DIR; };
		D8ED46901B17F6D600A251B9 /* Info.plist */ = {isa = PBXFileReference; lastKnownFileType = text.plist.xml; path = Info.plist; sourceTree = "<group>"; };
		D8ED46911B17F6D600A251B9 /* main.m */ = {isa = PBXFileReference; lastKnownFileType = sourcecode.c.objc; path = main.m; sourceTree = "<group>"; };
		D8ED46931B17F6D600A251B9 /* AppDelegate.h */ = {isa = PBXFileReference; lastKnownFileType = sourcecode.c.h; path = AppDelegate.h; sourceTree = "<group>"; };
		D8ED46941B17F6D600A251B9 /* AppDelegate.m */ = {isa = PBXFileReference; lastKnownFileType = sourcecode.c.objc; path = AppDelegate.m; sourceTree = "<group>"; };
		D8ED469A1B17F6D600A251B9 /* Base */ = {isa = PBXFileReference; lastKnownFileType = file.storyboard; name = Base; path = Base.lproj/Main.storyboard; sourceTree = "<group>"; };
		D8ED469C1B17F6D600A251B9 /* Images.xcassets */ = {isa = PBXFileReference; lastKnownFileType = folder.assetcatalog; path = Images.xcassets; sourceTree = "<group>"; };
		D8ED469F1B17F6D600A251B9 /* Base */ = {isa = PBXFileReference; lastKnownFileType = file.xib; name = Base; path = Base.lproj/LaunchScreen.xib; sourceTree = "<group>"; };
		D8ED46A51B17F6D600A251B9 /* SharifyTests.xctest */ = {isa = PBXFileReference; explicitFileType = wrapper.cfbundle; includeInIndex = 0; path = SharifyTests.xctest; sourceTree = BUILT_PRODUCTS_DIR; };
		D8ED46AA1B17F6D600A251B9 /* Info.plist */ = {isa = PBXFileReference; lastKnownFileType = text.plist.xml; path = Info.plist; sourceTree = "<group>"; };
		D8ED46AB1B17F6D600A251B9 /* SharifyTests.m */ = {isa = PBXFileReference; lastKnownFileType = sourcecode.c.objc; path = SharifyTests.m; sourceTree = "<group>"; };
		D8ED46B51B17F73900A251B9 /* camera.png */ = {isa = PBXFileReference; lastKnownFileType = image.png; path = camera.png; sourceTree = "<group>"; };
		D8ED46B61B17F73900A251B9 /* camera@2x.png */ = {isa = PBXFileReference; lastKnownFileType = image.png; path = "camera@2x.png"; sourceTree = "<group>"; };
		D8ED46B71B17F73900A251B9 /* friends.png */ = {isa = PBXFileReference; lastKnownFileType = image.png; path = friends.png; sourceTree = "<group>"; };
		D8ED46B81B17F73900A251B9 /* friends@2x.png */ = {isa = PBXFileReference; lastKnownFileType = image.png; path = "friends@2x.png"; sourceTree = "<group>"; };
		D8ED46B91B17F73900A251B9 /* inbox.png */ = {isa = PBXFileReference; lastKnownFileType = image.png; path = inbox.png; sourceTree = "<group>"; };
		D8ED46BA1B17F73900A251B9 /* inbox@2x.png */ = {isa = PBXFileReference; lastKnownFileType = image.png; path = "inbox@2x.png"; sourceTree = "<group>"; };
		D8ED46C21B17FD3100A251B9 /* InboxViewController.h */ = {isa = PBXFileReference; fileEncoding = 4; lastKnownFileType = sourcecode.c.h; path = InboxViewController.h; sourceTree = "<group>"; };
		D8ED46C31B17FD3100A251B9 /* InboxViewController.m */ = {isa = PBXFileReference; fileEncoding = 4; lastKnownFileType = sourcecode.c.objc; path = InboxViewController.m; sourceTree = "<group>"; };
/* End PBXFileReference section */

/* Begin PBXFrameworksBuildPhase section */
		D8ED46891B17F6D600A251B9 /* Frameworks */ = {
			isa = PBXFrameworksBuildPhase;
			buildActionMask = 2147483647;
			files = (
				D85161431B212A4000848F3D /* MediaPlayer.framework in Frameworks */,
				D84AC2EF1B1D346500AFE402 /* libsqlite3.dylib in Frameworks */,
				D84AC2EC1B1D339400AFE402 /* SystemConfiguration.framework in Frameworks */,
				D84AC2EA1B1D338500AFE402 /* StoreKit.framework in Frameworks */,
				D84AC2E81B1D337B00AFE402 /* Security.framework in Frameworks */,
				D84AC2E61B1D337100AFE402 /* QuartzCore.framework in Frameworks */,
				D84AC2E41B1D336900AFE402 /* MobileCoreServices.framework in Frameworks */,
				D84AC2E21B1D335C00AFE402 /* libz.1.1.3.dylib in Frameworks */,
				D84AC2F11B1D34C100AFE402 /* Bolts.framework in Frameworks */,
				D84AC2DD1B1D335300AFE402 /* AudioToolbox.framework in Frameworks */,
				D84AC2DE1B1D335300AFE402 /* CFNetwork.framework in Frameworks */,
				D84AC2DF1B1D335300AFE402 /* CoreGraphics.framework in Frameworks */,
				D84AC2E01B1D335300AFE402 /* CoreLocation.framework in Frameworks */,
				D84AC2D81B1D32DD00AFE402 /* Parse.framework in Frameworks */,
			);
			runOnlyForDeploymentPostprocessing = 0;
		};
		D8ED46A21B17F6D600A251B9 /* Frameworks */ = {
			isa = PBXFrameworksBuildPhase;
			buildActionMask = 2147483647;
			files = (
			);
			runOnlyForDeploymentPostprocessing = 0;
		};
/* End PBXFrameworksBuildPhase section */

/* Begin PBXGroup section */
		D84AC2ED1B1D33A200AFE402 /* Frameworks */ = {
			isa = PBXGroup;
			children = (
				D85161421B212A4000848F3D /* MediaPlayer.framework */,
				D84AC2F01B1D34C100AFE402 /* Bolts.framework */,
				D84AC2EE1B1D346500AFE402 /* libsqlite3.dylib */,
				D84AC2D71B1D32DD00AFE402 /* Parse.framework */,
				D84AC2EB1B1D339300AFE402 /* SystemConfiguration.framework */,
				D84AC2E91B1D338500AFE402 /* StoreKit.framework */,
				D84AC2E71B1D337B00AFE402 /* Security.framework */,
				D84AC2E51B1D337100AFE402 /* QuartzCore.framework */,
				D84AC2E31B1D336900AFE402 /* MobileCoreServices.framework */,
				D84AC2E11B1D335C00AFE402 /* libz.1.1.3.dylib */,
				D84AC2D91B1D335300AFE402 /* AudioToolbox.framework */,
				D84AC2DA1B1D335300AFE402 /* CFNetwork.framework */,
				D84AC2DB1B1D335300AFE402 /* CoreGraphics.framework */,
				D84AC2DC1B1D335300AFE402 /* CoreLocation.framework */,
			);
			name = Frameworks;
			sourceTree = "<group>";
		};
		D8ED46831B17F6D600A251B9 = {
			isa = PBXGroup;
			children = (
				D8ED468E1B17F6D600A251B9 /* Sharify */,
				D8ED46A81B17F6D600A251B9 /* SharifyTests */,
				D8ED468D1B17F6D600A251B9 /* Products */,
				D84AC2ED1B1D33A200AFE402 /* Frameworks */,
			);
			sourceTree = "<group>";
		};
		D8ED468D1B17F6D600A251B9 /* Products */ = {
			isa = PBXGroup;
			children = (
				D8ED468C1B17F6D600A251B9 /* Sharify.app */,
				D8ED46A51B17F6D600A251B9 /* SharifyTests.xctest */,
			);
			name = Products;
			sourceTree = "<group>";
		};
		D8ED468E1B17F6D600A251B9 /* Sharify */ = {
			isa = PBXGroup;
			children = (
				D8ED46C11B17F74500A251B9 /* Images */,
				D8ED46931B17F6D600A251B9 /* AppDelegate.h */,
				D8ED46941B17F6D600A251B9 /* AppDelegate.m */,
				D84AC2D41B1D2F6E00AFE402 /* EditFriendsTableViewController.h */,
				D84AC2D51B1D2F6E00AFE402 /* EditFriendsTableViewController.m */,
				D84AC2D11B1D2E5600AFE402 /* SignUpViewController.h */,
				D84AC2D21B1D2E5600AFE402 /* SignUpViewController.m */,
				D8ED46C21B17FD3100A251B9 /* InboxViewController.h */,
				D8ED46C31B17FD3100A251B9 /* InboxViewController.m */,
				D84AC2CE1B1D2E3600AFE402 /* LoginViewController.h */,
				D8A013361B1FC6D600597B29 /* CameraTableViewController.h */,
				D8A013371B1FC6D600597B29 /* CameraTableViewController.m */,
				D84AC2CF1B1D2E3600AFE402 /* LoginViewController.m */,
				D84CDCD81B1E6B430091231F /* FriendsTableViewController.h */,
				D84CDCD91B1E6B430091231F /* FriendsTableViewController.m */,
				D851613F1B21226C00848F3D /* ImageViewController.h */,
				D85161401B21226C00848F3D /* ImageViewController.m */,
				D8ED46991B17F6D600A251B9 /* Main.storyboard */,
				D8ED469C1B17F6D600A251B9 /* Images.xcassets */,
				D8ED469E1B17F6D600A251B9 /* LaunchScreen.xib */,
				D8ED468F1B17F6D600A251B9 /* Supporting Files */,
			);
			path = Sharify;
			sourceTree = "<group>";
		};
		D8ED468F1B17F6D600A251B9 /* Supporting Files */ = {
			isa = PBXGroup;
			children = (
				D8ED46901B17F6D600A251B9 /* Info.plist */,
				D8ED46911B17F6D600A251B9 /* main.m */,
			);
			name = "Supporting Files";
			sourceTree = "<group>";
		};
		D8ED46A81B17F6D600A251B9 /* SharifyTests */ = {
			isa = PBXGroup;
			children = (
				D8ED46AB1B17F6D600A251B9 /* SharifyTests.m */,
				D8ED46A91B17F6D600A251B9 /* Supporting Files */,
			);
			path = SharifyTests;
			sourceTree = "<group>";
		};
		D8ED46A91B17F6D600A251B9 /* Supporting Files */ = {
			isa = PBXGroup;
			children = (
				D8ED46AA1B17F6D600A251B9 /* Info.plist */,
			);
			name = "Supporting Files";
			sourceTree = "<group>";
		};
		D8ED46C11B17F74500A251B9 /* Images */ = {
			isa = PBXGroup;
			children = (
				D8ED46B51B17F73900A251B9 /* camera.png */,
				D8ED46B61B17F73900A251B9 /* camera@2x.png */,
				D8ED46B71B17F73900A251B9 /* friends.png */,
				D8ED46B81B17F73900A251B9 /* friends@2x.png */,
				D8ED46B91B17F73900A251B9 /* inbox.png */,
				D8ED46BA1B17F73900A251B9 /* inbox@2x.png */,
				D85161371B211EC600848F3D /* icon_image.png */,
				D85161381B211EC600848F3D /* icon_image@2x.png */,
				D85161391B211EC600848F3D /* icon_video.png */,
				D851613A1B211EC600848F3D /* icon_video@2x.png */,
			);
			name = Images;
			sourceTree = "<group>";
		};
/* End PBXGroup section */

/* Begin PBXNativeTarget section */
		D8ED468B1B17F6D600A251B9 /* Sharify */ = {
			isa = PBXNativeTarget;
			buildConfigurationList = D8ED46AF1B17F6D600A251B9 /* Build configuration list for PBXNativeTarget "Sharify" */;
			buildPhases = (
				D8ED46881B17F6D600A251B9 /* Sources */,
				D8ED46891B17F6D600A251B9 /* Frameworks */,
				D8ED468A1B17F6D600A251B9 /* Resources */,
			);
			buildRules = (
			);
			dependencies = (
			);
			name = Sharify;
			productName = Sharify;
			productReference = D8ED468C1B17F6D600A251B9 /* Sharify.app */;
			productType = "com.apple.product-type.application";
		};
		D8ED46A41B17F6D600A251B9 /* SharifyTests */ = {
			isa = PBXNativeTarget;
			buildConfigurationList = D8ED46B21B17F6D600A251B9 /* Build configuration list for PBXNativeTarget "SharifyTests" */;
			buildPhases = (
				D8ED46A11B17F6D600A251B9 /* Sources */,
				D8ED46A21B17F6D600A251B9 /* Frameworks */,
				D8ED46A31B17F6D600A251B9 /* Resources */,
			);
			buildRules = (
			);
			dependencies = (
				D8ED46A71B17F6D600A251B9 /* PBXTargetDependency */,
			);
			name = SharifyTests;
			productName = SharifyTests;
			productReference = D8ED46A51B17F6D600A251B9 /* SharifyTests.xctest */;
			productType = "com.apple.product-type.bundle.unit-test";
		};
/* End PBXNativeTarget section */

/* Begin PBXProject section */
		D8ED46841B17F6D600A251B9 /* Project object */ = {
			isa = PBXProject;
			attributes = {
				LastUpgradeCheck = 0630;
				ORGANIZATIONNAME = SahilGupta;
				TargetAttributes = {
					D8ED468B1B17F6D600A251B9 = {
						CreatedOnToolsVersion = 6.3.1;
					};
					D8ED46A41B17F6D600A251B9 = {
						CreatedOnToolsVersion = 6.3.1;
						TestTargetID = D8ED468B1B17F6D600A251B9;
					};
				};
			};
			buildConfigurationList = D8ED46871B17F6D600A251B9 /* Build configuration list for PBXProject "Sharify" */;
			compatibilityVersion = "Xcode 3.2";
			developmentRegion = English;
			hasScannedForEncodings = 0;
			knownRegions = (
				en,
				Base,
			);
			mainGroup = D8ED46831B17F6D600A251B9;
			productRefGroup = D8ED468D1B17F6D600A251B9 /* Products */;
			projectDirPath = "";
			projectRoot = "";
			targets = (
				D8ED468B1B17F6D600A251B9 /* Sharify */,
				D8ED46A41B17F6D600A251B9 /* SharifyTests */,
			);
		};
/* End PBXProject section */

/* Begin PBXResourcesBuildPhase section */
		D8ED468A1B17F6D600A251B9 /* Resources */ = {
			isa = PBXResourcesBuildPhase;
			buildActionMask = 2147483647;
			files = (
				D851613D1B211EC600848F3D /* icon_video.png in Resources */,
				D8ED469B1B17F6D600A251B9 /* Main.storyboard in Resources */,
				D8ED46BD1B17F73900A251B9 /* friends.png in Resources */,
				D851613B1B211EC600848F3D /* icon_image.png in Resources */,
				D8ED46BE1B17F73900A251B9 /* friends@2x.png in Resources */,
				D8ED46BC1B17F73900A251B9 /* camera@2x.png in Resources */,
				D8ED46BF1B17F73900A251B9 /* inbox.png in Resources */,
				D8ED46A01B17F6D600A251B9 /* LaunchScreen.xib in Resources */,
				D851613C1B211EC600848F3D /* icon_image@2x.png in Resources */,
				D8ED46BB1B17F73900A251B9 /* camera.png in Resources */,
				D8ED469D1B17F6D600A251B9 /* Images.xcassets in Resources */,
				D8ED46C01B17F73900A251B9 /* inbox@2x.png in Resources */,
				D851613E1B211EC600848F3D /* icon_video@2x.png in Resources */,
			);
			runOnlyForDeploymentPostprocessing = 0;
		};
		D8ED46A31B17F6D600A251B9 /* Resources */ = {
			isa = PBXResourcesBuildPhase;
			buildActionMask = 2147483647;
			files = (
			);
			runOnlyForDeploymentPostprocessing = 0;
		};
/* End PBXResourcesBuildPhase section */

/* Begin PBXSourcesBuildPhase section */
		D8ED46881B17F6D600A251B9 /* Sources */ = {
			isa = PBXSourcesBuildPhase;
			buildActionMask = 2147483647;
			files = (
				D84AC2D01B1D2E3600AFE402 /* LoginViewController.m in Sources */,
				D84AC2D31B1D2E5600AFE402 /* SignUpViewController.m in Sources */,
				D84AC2D61B1D2F6E00AFE402 /* EditFriendsTableViewController.m in Sources */,
				D8ED46951B17F6D600A251B9 /* AppDelegate.m in Sources */,
				D8ED46921B17F6D600A251B9 /* main.m in Sources */,
				D84CDCDA1B1E6B430091231F /* FriendsTableViewController.m in Sources */,
				D85161411B21226C00848F3D /* ImageViewController.m in Sources */,
				D8A013381B1FC6D600597B29 /* CameraTableViewController.m in Sources */,
				D8ED46C41B17FD3100A251B9 /* InboxViewController.m in Sources */,
			);
			runOnlyForDeploymentPostprocessing = 0;
		};
		D8ED46A11B17F6D600A251B9 /* Sources */ = {
			isa = PBXSourcesBuildPhase;
			buildActionMask = 2147483647;
			files = (
				D8ED46AC1B17F6D600A251B9 /* SharifyTests.m in Sources */,
			);
			runOnlyForDeploymentPostprocessing = 0;
		};
/* End PBXSourcesBuildPhase section */

/* Begin PBXTargetDependency section */
		D8ED46A71B17F6D600A251B9 /* PBXTargetDependency */ = {
			isa = PBXTargetDependency;
			target = D8ED468B1B17F6D600A251B9 /* Sharify */;
			targetProxy = D8ED46A61B17F6D600A251B9 /* PBXContainerItemProxy */;
		};
/* End PBXTargetDependency section */

/* Begin PBXVariantGroup section */
		D8ED46991B17F6D600A251B9 /* Main.storyboard */ = {
			isa = PBXVariantGroup;
			children = (
				D8ED469A1B17F6D600A251B9 /* Base */,
			);
			name = Main.storyboard;
			sourceTree = "<group>";
		};
		D8ED469E1B17F6D600A251B9 /* LaunchScreen.xib */ = {
			isa = PBXVariantGroup;
			children = (
				D8ED469F1B17F6D600A251B9 /* Base */,
			);
			name = LaunchScreen.xib;
			sourceTree = "<group>";
		};
/* End PBXVariantGroup section */

/* Begin XCBuildConfiguration section */
		D8ED46AD1B17F6D600A251B9 /* Debug */ = {
			isa = XCBuildConfiguration;
			buildSettings = {
				ALWAYS_SEARCH_USER_PATHS = NO;
				CLANG_CXX_LANGUAGE_STANDARD = "gnu++0x";
				CLANG_CXX_LIBRARY = "libc++";
				CLANG_ENABLE_MODULES = YES;
				CLANG_ENABLE_OBJC_ARC = YES;
				CLANG_WARN_BOOL_CONVERSION = YES;
				CLANG_WARN_CONSTANT_CONVERSION = YES;
				CLANG_WARN_DIRECT_OBJC_ISA_USAGE = YES_ERROR;
				CLANG_WARN_EMPTY_BODY = YES;
				CLANG_WARN_ENUM_CONVERSION = YES;
				CLANG_WARN_INT_CONVERSION = YES;
				CLANG_WARN_OBJC_ROOT_CLASS = YES_ERROR;
				CLANG_WARN_UNREACHABLE_CODE = YES;
				CLANG_WARN__DUPLICATE_METHOD_MATCH = YES;
				"CODE_SIGN_IDENTITY[sdk=iphoneos*]" = "iPhone Developer";
				COPY_PHASE_STRIP = NO;
				DEBUG_INFORMATION_FORMAT = "dwarf-with-dsym";
				ENABLE_STRICT_OBJC_MSGSEND = YES;
				GCC_C_LANGUAGE_STANDARD = gnu99;
				GCC_DYNAMIC_NO_PIC = NO;
				GCC_NO_COMMON_BLOCKS = YES;
				GCC_OPTIMIZATION_LEVEL = 0;
				GCC_PREPROCESSOR_DEFINITIONS = (
					"DEBUG=1",
					"$(inherited)",
				);
				GCC_SYMBOLS_PRIVATE_EXTERN = NO;
				GCC_WARN_64_TO_32_BIT_CONVERSION = YES;
				GCC_WARN_ABOUT_RETURN_TYPE = YES_ERROR;
				GCC_WARN_UNDECLARED_SELECTOR = YES;
				GCC_WARN_UNINITIALIZED_AUTOS = YES_AGGRESSIVE;
				GCC_WARN_UNUSED_FUNCTION = YES;
				GCC_WARN_UNUSED_VARIABLE = YES;
				IPHONEOS_DEPLOYMENT_TARGET = 8.3;
				MTL_ENABLE_DEBUG_INFO = YES;
				ONLY_ACTIVE_ARCH = YES;
				SDKROOT = iphoneos;
			};
			name = Debug;
		};
		D8ED46AE1B17F6D600A251B9 /* Release */ = {
			isa = XCBuildConfiguration;
			buildSettings = {
				ALWAYS_SEARCH_USER_PATHS = NO;
				CLANG_CXX_LANGUAGE_STANDARD = "gnu++0x";
				CLANG_CXX_LIBRARY = "libc++";
				CLANG_ENABLE_MODULES = YES;
				CLANG_ENABLE_OBJC_ARC = YES;
				CLANG_WARN_BOOL_CONVERSION = YES;
				CLANG_WARN_CONSTANT_CONVERSION = YES;
				CLANG_WARN_DIRECT_OBJC_ISA_USAGE = YES_ERROR;
				CLANG_WARN_EMPTY_BODY = YES;
				CLANG_WARN_ENUM_CONVERSION = YES;
				CLANG_WARN_INT_CONVERSION = YES;
				CLANG_WARN_OBJC_ROOT_CLASS = YES_ERROR;
				CLANG_WARN_UNREACHABLE_CODE = YES;
				CLANG_WARN__DUPLICATE_METHOD_MATCH = YES;
				"CODE_SIGN_IDENTITY[sdk=iphoneos*]" = "iPhone Developer";
				COPY_PHASE_STRIP = NO;
				DEBUG_INFORMATION_FORMAT = "dwarf-with-dsym";
				ENABLE_NS_ASSERTIONS = NO;
				ENABLE_STRICT_OBJC_MSGSEND = YES;
				GCC_C_LANGUAGE_STANDARD = gnu99;
				GCC_NO_COMMON_BLOCKS = YES;
				GCC_WARN_64_TO_32_BIT_CONVERSION = YES;
				GCC_WARN_ABOUT_RETURN_TYPE = YES_ERROR;
				GCC_WARN_UNDECLARED_SELECTOR = YES;
				GCC_WARN_UNINITIALIZED_AUTOS = YES_AGGRESSIVE;
				GCC_WARN_UNUSED_FUNCTION = YES;
				GCC_WARN_UNUSED_VARIABLE = YES;
				IPHONEOS_DEPLOYMENT_TARGET = 8.3;
				MTL_ENABLE_DEBUG_INFO = NO;
				SDKROOT = iphoneos;
				VALIDATE_PRODUCT = YES;
			};
			name = Release;
		};
		D8ED46B01B17F6D600A251B9 /* Debug */ = {
			isa = XCBuildConfiguration;
			buildSettings = {
				ASSETCATALOG_COMPILER_APPICON_NAME = AppIcon;
				FRAMEWORK_SEARCH_PATHS = (
					"$(inherited)",
					"$(PROJECT_DIR)",
				);
				INFOPLIST_FILE = Sharify/Info.plist;
				LD_RUNPATH_SEARCH_PATHS = "$(inherited) @executable_path/Frameworks";
				PRODUCT_NAME = "$(TARGET_NAME)";
			};
			name = Debug;
		};
		D8ED46B11B17F6D600A251B9 /* Release */ = {
			isa = XCBuildConfiguration;
			buildSettings = {
				ASSETCATALOG_COMPILER_APPICON_NAME = AppIcon;
				FRAMEWORK_SEARCH_PATHS = (
					"$(inherited)",
					"$(PROJECT_DIR)",
				);
				INFOPLIST_FILE = Sharify/Info.plist;
				LD_RUNPATH_SEARCH_PATHS = "$(inherited) @executable_path/Frameworks";
				PRODUCT_NAME = "$(TARGET_NAME)";
			};
			name = Release;
		};
		D8ED46B31B17F6D600A251B9 /* Debug */ = {
			isa = XCBuildConfiguration;
			buildSettings = {
				BUNDLE_LOADER = "$(TEST_HOST)";
				FRAMEWORK_SEARCH_PATHS = (
					"$(SDKROOT)/Developer/Library/Frameworks",
					"$(inherited)",
				);
				GCC_PREPROCESSOR_DEFINITIONS = (
					"DEBUG=1",
					"$(inherited)",
				);
				INFOPLIST_FILE = SharifyTests/Info.plist;
				LD_RUNPATH_SEARCH_PATHS = "$(inherited) @executable_path/Frameworks @loader_path/Frameworks";
				PRODUCT_NAME = "$(TARGET_NAME)";
				TEST_HOST = "$(BUILT_PRODUCTS_DIR)/Sharify.app/Sharify";
			};
			name = Debug;
		};
		D8ED46B41B17F6D600A251B9 /* Release */ = {
			isa = XCBuildConfiguration;
			buildSettings = {
				BUNDLE_LOADER = "$(TEST_HOST)";
				FRAMEWORK_SEARCH_PATHS = (
					"$(SDKROOT)/Developer/Library/Frameworks",
					"$(inherited)",
				);
				INFOPLIST_FILE = SharifyTests/Info.plist;
				LD_RUNPATH_SEARCH_PATHS = "$(inherited) @executable_path/Frameworks @loader_path/Frameworks";
				PRODUCT_NAME = "$(TARGET_NAME)";
				TEST_HOST = "$(BUILT_PRODUCTS_DIR)/Sharify.app/Sharify";
			};
			name = Release;
		};
/* End XCBuildConfiguration section */

/* Begin XCConfigurationList section */
		D8ED46871B17F6D600A251B9 /* Build configuration list for PBXProject "Sharify" */ = {
			isa = XCConfigurationList;
			buildConfigurations = (
				D8ED46AD1B17F6D600A251B9 /* Debug */,
				D8ED46AE1B17F6D600A251B9 /* Release */,
			);
			defaultConfigurationIsVisible = 0;
			defaultConfigurationName = Release;
		};
		D8ED46AF1B17F6D600A251B9 /* Build configuration list for PBXNativeTarget "Sharify" */ = {
			isa = XCConfigurationList;
			buildConfigurations = (
				D8ED46B01B17F6D600A251B9 /* Debug */,
				D8ED46B11B17F6D600A251B9 /* Release */,
			);
			defaultConfigurationIsVisible = 0;
			defaultConfigurationName = Release;
		};
		D8ED46B21B17F6D600A251B9 /* Build configuration list for PBXNativeTarget "SharifyTests" */ = {
			isa = XCConfigurationList;
			buildConfigurations = (
				D8ED46B31B17F6D600A251B9 /* Debug */,
				D8ED46B41B17F6D600A251B9 /* Release */,
			);
			defaultConfigurationIsVisible = 0;
			defaultConfigurationName = Release;
		};
/* End XCConfigurationList section */
	};
	rootObject = D8ED46841B17F6D600A251B9 /* Project object */;
}
